// !$*UTF8*$!
{
	archiveVersion = 1;
	classes = {
	};
	objectVersion = 56;
	objects = {

/* Begin PBXBuildFile section */
		E1F04DF72A6AD06E001A567C /* MySuperAppApp.swift in Sources */ = {isa = PBXBuildFile; fileRef = E1F04DF62A6AD06E001A567C /* MySuperAppApp.swift */; };
		E1F04DF92A6AD06E001A567C /* ContentView.swift in Sources */ = {isa = PBXBuildFile; fileRef = E1F04DF82A6AD06E001A567C /* ContentView.swift */; };
		E1F04DFB2A6AD070001A567C /* Assets.xcassets in Resources */ = {isa = PBXBuildFile; fileRef = E1F04DFA2A6AD070001A567C /* Assets.xcassets */; };
		E1F04DFE2A6AD070001A567C /* Preview Assets.xcassets in Resources */ = {isa = PBXBuildFile; fileRef = E1F04DFD2A6AD070001A567C /* Preview Assets.xcassets */; };
		E1F04E082A6AD070001A567C /* MySuperAppTests.swift in Sources */ = {isa = PBXBuildFile; fileRef = E1F04E072A6AD070001A567C /* MySuperAppTests.swift */; };
		E1F04E122A6AD070001A567C /* MySuperAppUITests.swift in Sources */ = {isa = PBXBuildFile; fileRef = E1F04E112A6AD070001A567C /* MySuperAppUITests.swift */; };
		E1F04E142A6AD070001A567C /* MySuperAppUITestsLaunchTests.swift in Sources */ = {isa = PBXBuildFile; fileRef = E1F04E132A6AD070001A567C /* MySuperAppUITestsLaunchTests.swift */; };
/* End PBXBuildFile section */

/* Begin PBXContainerItemProxy section */
		E1F04E042A6AD070001A567C /* PBXContainerItemProxy */ = {
			isa = PBXContainerItemProxy;
			containerPortal = E1F04DEB2A6AD06E001A567C /* Project object */;
			proxyType = 1;
			remoteGlobalIDString = E1F04DF22A6AD06E001A567C;
			remoteInfo = MySuperApp;
		};
		E1F04E0E2A6AD070001A567C /* PBXContainerItemProxy */ = {
			isa = PBXContainerItemProxy;
			containerPortal = E1F04DEB2A6AD06E001A567C /* Project object */;
			proxyType = 1;
			remoteGlobalIDString = E1F04DF22A6AD06E001A567C;
			remoteInfo = MySuperApp;
		};
/* End PBXContainerItemProxy section */

/* Begin PBXFileReference section */
		E1F04DF32A6AD06E001A567C /* MySuperApp.app */ = {isa = PBXFileReference; explicitFileType = wrapper.application; includeInIndex = 0; path = MySuperApp.app; sourceTree = BUILT_PRODUCTS_DIR; };
		E1F04DF62A6AD06E001A567C /* MySuperAppApp.swift */ = {isa = PBXFileReference; lastKnownFileType = sourcecode.swift; path = MySuperAppApp.swift; sourceTree = "<group>"; };
		E1F04DF82A6AD06E001A567C /* ContentView.swift */ = {isa = PBXFileReference; lastKnownFileType = sourcecode.swift; path = ContentView.swift; sourceTree = "<group>"; };
		E1F04DFA2A6AD070001A567C /* Assets.xcassets */ = {isa = PBXFileReference; lastKnownFileType = folder.assetcatalog; path = Assets.xcassets; sourceTree = "<group>"; };
		E1F04DFD2A6AD070001A567C /* Preview Assets.xcassets */ = {isa = PBXFileReference; lastKnownFileType = folder.assetcatalog; path = "Preview Assets.xcassets"; sourceTree = "<group>"; };
		E1F04E032A6AD070001A567C /* MySuperAppTests.xctest */ = {isa = PBXFileReference; explicitFileType = wrapper.cfbundle; includeInIndex = 0; path = MySuperAppTests.xctest; sourceTree = BUILT_PRODUCTS_DIR; };
		E1F04E072A6AD070001A567C /* MySuperAppTests.swift */ = {isa = PBXFileReference; lastKnownFileType = sourcecode.swift; path = MySuperAppTests.swift; sourceTree = "<group>"; };
		E1F04E0D2A6AD070001A567C /* MySuperAppUITests.xctest */ = {isa = PBXFileReference; explicitFileType = wrapper.cfbundle; includeInIndex = 0; path = MySuperAppUITests.xctest; sourceTree = BUILT_PRODUCTS_DIR; };
		E1F04E112A6AD070001A567C /* MySuperAppUITests.swift */ = {isa = PBXFileReference; lastKnownFileType = sourcecode.swift; path = MySuperAppUITests.swift; sourceTree = "<group>"; };
		E1F04E132A6AD070001A567C /* MySuperAppUITestsLaunchTests.swift */ = {isa = PBXFileReference; lastKnownFileType = sourcecode.swift; path = MySuperAppUITestsLaunchTests.swift; sourceTree = "<group>"; };
/* End PBXFileReference section */

/* Begin PBXFrameworksBuildPhase section */
		E1F04DF02A6AD06E001A567C /* Frameworks */ = {
			isa = PBXFrameworksBuildPhase;
			buildActionMask = 2147483647;
			files = (
			);
			runOnlyForDeploymentPostprocessing = 0;
		};
		E1F04E002A6AD070001A567C /* Frameworks */ = {
			isa = PBXFrameworksBuildPhase;
			buildActionMask = 2147483647;
			files = (
			);
			runOnlyForDeploymentPostprocessing = 0;
		};
		E1F04E0A2A6AD070001A567C /* Frameworks */ = {
			isa = PBXFrameworksBuildPhase;
			buildActionMask = 2147483647;
			files = (
			);
			runOnlyForDeploymentPostprocessing = 0;
		};
/* End PBXFrameworksBuildPhase section */

/* Begin PBXGroup section */
		E1F04DEA2A6AD06E001A567C = {
			isa = PBXGroup;
			children = (
				E1F04DF52A6AD06E001A567C /* MySuperApp */,
				E1F04E062A6AD070001A567C /* MySuperAppTests */,
				E1F04E102A6AD070001A567C /* MySuperAppUITests */,
				E1F04DF42A6AD06E001A567C /* Products */,
			);
			sourceTree = "<group>";
		};
		E1F04DF42A6AD06E001A567C /* Products */ = {
			isa = PBXGroup;
			children = (
				E1F04DF32A6AD06E001A567C /* MySuperApp.app */,
				E1F04E032A6AD070001A567C /* MySuperAppTests.xctest */,
				E1F04E0D2A6AD070001A567C /* MySuperAppUITests.xctest */,
			);
			name = Products;
			sourceTree = "<group>";
		};
		E1F04DF52A6AD06E001A567C /* MySuperApp */ = {
			isa = PBXGroup;
			children = (
				E1F04DF62A6AD06E001A567C /* MySuperAppApp.swift */,
				E1F04DF82A6AD06E001A567C /* ContentView.swift */,
				E1F04DFA2A6AD070001A567C /* Assets.xcassets */,
				E1F04DFC2A6AD070001A567C /* Preview Content */,
			);
			path = MySuperApp;
			sourceTree = "<group>";
		};
		E1F04DFC2A6AD070001A567C /* Preview Content */ = {
			isa = PBXGroup;
			children = (
				E1F04DFD2A6AD070001A567C /* Preview Assets.xcassets */,
			);
			path = "Preview Content";
			sourceTree = "<group>";
		};
		E1F04E062A6AD070001A567C /* MySuperAppTests */ = {
			isa = PBXGroup;
			children = (
				E1F04E072A6AD070001A567C /* MySuperAppTests.swift */,
			);
			path = MySuperAppTests;
			sourceTree = "<group>";
		};
		E1F04E102A6AD070001A567C /* MySuperAppUITests */ = {
			isa = PBXGroup;
			children = (
				E1F04E112A6AD070001A567C /* MySuperAppUITests.swift */,
				E1F04E132A6AD070001A567C /* MySuperAppUITestsLaunchTests.swift */,
			);
			path = MySuperAppUITests;
			sourceTree = "<group>";
		};
/* End PBXGroup section */

/* Begin PBXNativeTarget section */
		E1F04DF22A6AD06E001A567C /* MySuperApp */ = {
			isa = PBXNativeTarget;
			buildConfigurationList = E1F04E172A6AD070001A567C /* Build configuration list for PBXNativeTarget "MySuperApp" */;
			buildPhases = (
				E1F04DEF2A6AD06E001A567C /* Sources */,
				E1F04DF02A6AD06E001A567C /* Frameworks */,
				E1F04DF12A6AD06E001A567C /* Resources */,
			);
			buildRules = (
			);
			dependencies = (
			);
			name = MySuperApp;
			productName = MySuperApp;
			productReference = E1F04DF32A6AD06E001A567C /* MySuperApp.app */;
			productType = "com.apple.product-type.application";
		};
		E1F04E022A6AD070001A567C /* MySuperAppTests */ = {
			isa = PBXNativeTarget;
			buildConfigurationList = E1F04E1A2A6AD070001A567C /* Build configuration list for PBXNativeTarget "MySuperAppTests" */;
			buildPhases = (
				E1F04DFF2A6AD070001A567C /* Sources */,
				E1F04E002A6AD070001A567C /* Frameworks */,
				E1F04E012A6AD070001A567C /* Resources */,
			);
			buildRules = (
			);
			dependencies = (
				E1F04E052A6AD070001A567C /* PBXTargetDependency */,
			);
			name = MySuperAppTests;
			productName = MySuperAppTests;
			productReference = E1F04E032A6AD070001A567C /* MySuperAppTests.xctest */;
			productType = "com.apple.product-type.bundle.unit-test";
		};
		E1F04E0C2A6AD070001A567C /* MySuperAppUITests */ = {
			isa = PBXNativeTarget;
			buildConfigurationList = E1F04E1D2A6AD070001A567C /* Build configuration list for PBXNativeTarget "MySuperAppUITests" */;
			buildPhases = (
				E1F04E092A6AD070001A567C /* Sources */,
				E1F04E0A2A6AD070001A567C /* Frameworks */,
				E1F04E0B2A6AD070001A567C /* Resources */,
			);
			buildRules = (
			);
			dependencies = (
				E1F04E0F2A6AD070001A567C /* PBXTargetDependency */,
			);
			name = MySuperAppUITests;
			productName = MySuperAppUITests;
			productReference = E1F04E0D2A6AD070001A567C /* MySuperAppUITests.xctest */;
			productType = "com.apple.product-type.bundle.ui-testing";
		};
/* End PBXNativeTarget section */

/* Begin PBXProject section */
		E1F04DEB2A6AD06E001A567C /* Project object */ = {
			isa = PBXProject;
			attributes = {
				BuildIndependentTargetsInParallel = 1;
				LastSwiftUpdateCheck = 1430;
				LastUpgradeCheck = 1430;
				TargetAttributes = {
					E1F04DF22A6AD06E001A567C = {
						CreatedOnToolsVersion = 14.3.1;
					};
					E1F04E022A6AD070001A567C = {
						CreatedOnToolsVersion = 14.3.1;
						TestTargetID = E1F04DF22A6AD06E001A567C;
					};
					E1F04E0C2A6AD070001A567C = {
						CreatedOnToolsVersion = 14.3.1;
						TestTargetID = E1F04DF22A6AD06E001A567C;
					};
				};
			};
			buildConfigurationList = E1F04DEE2A6AD06E001A567C /* Build configuration list for PBXProject "MySuperApp" */;
			compatibilityVersion = "Xcode 14.0";
			developmentRegion = en;
			hasScannedForEncodings = 0;
			knownRegions = (
				en,
				Base,
			);
			mainGroup = E1F04DEA2A6AD06E001A567C;
			productRefGroup = E1F04DF42A6AD06E001A567C /* Products */;
			projectDirPath = "";
			projectRoot = "";
			targets = (
				E1F04DF22A6AD06E001A567C /* MySuperApp */,
				E1F04E022A6AD070001A567C /* MySuperAppTests */,
				E1F04E0C2A6AD070001A567C /* MySuperAppUITests */,
			);
		};
/* End PBXProject section */

/* Begin PBXResourcesBuildPhase section */
		E1F04DF12A6AD06E001A567C /* Resources */ = {
			isa = PBXResourcesBuildPhase;
			buildActionMask = 2147483647;
			files = (
				E1F04DFE2A6AD070001A567C /* Preview Assets.xcassets in Resources */,
				E1F04DFB2A6AD070001A567C /* Assets.xcassets in Resources */,
			);
			runOnlyForDeploymentPostprocessing = 0;
		};
		E1F04E012A6AD070001A567C /* Resources */ = {
			isa = PBXResourcesBuildPhase;
			buildActionMask = 2147483647;
			files = (
			);
			runOnlyForDeploymentPostprocessing = 0;
		};
		E1F04E0B2A6AD070001A567C /* Resources */ = {
			isa = PBXResourcesBuildPhase;
			buildActionMask = 2147483647;
			files = (
			);
			runOnlyForDeploymentPostprocessing = 0;
		};
/* End PBXResourcesBuildPhase section */

/* Begin PBXSourcesBuildPhase section */
		E1F04DEF2A6AD06E001A567C /* Sources */ = {
			isa = PBXSourcesBuildPhase;
			buildActionMask = 2147483647;
			files = (
				E1F04DF92A6AD06E001A567C /* ContentView.swift in Sources */,
				E1F04DF72A6AD06E001A567C /* MySuperAppApp.swift in Sources */,
			);
			runOnlyForDeploymentPostprocessing = 0;
		};
		E1F04DFF2A6AD070001A567C /* Sources */ = {
			isa = PBXSourcesBuildPhase;
			buildActionMask = 2147483647;
			files = (
				E1F04E082A6AD070001A567C /* MySuperAppTests.swift in Sources */,
			);
			runOnlyForDeploymentPostprocessing = 0;
		};
		E1F04E092A6AD070001A567C /* Sources */ = {
			isa = PBXSourcesBuildPhase;
			buildActionMask = 2147483647;
			files = (
				E1F04E142A6AD070001A567C /* MySuperAppUITestsLaunchTests.swift in Sources */,
				E1F04E122A6AD070001A567C /* MySuperAppUITests.swift in Sources */,
			);
			runOnlyForDeploymentPostprocessing = 0;
		};
/* End PBXSourcesBuildPhase section */

/* Begin PBXTargetDependency section */
		E1F04E052A6AD070001A567C /* PBXTargetDependency */ = {
			isa = PBXTargetDependency;
			target = E1F04DF22A6AD06E001A567C /* MySuperApp */;
			targetProxy = E1F04E042A6AD070001A567C /* PBXContainerItemProxy */;
		};
		E1F04E0F2A6AD070001A567C /* PBXTargetDependency */ = {
			isa = PBXTargetDependency;
			target = E1F04DF22A6AD06E001A567C /* MySuperApp */;
			targetProxy = E1F04E0E2A6AD070001A567C /* PBXContainerItemProxy */;
		};
/* End PBXTargetDependency section */

/* Begin XCBuildConfiguration section */
		E1F04E152A6AD070001A567C /* Debug */ = {
			isa = XCBuildConfiguration;
			buildSettings = {
				ALWAYS_SEARCH_USER_PATHS = NO;
				CLANG_ANALYZER_NONNULL = YES;
				CLANG_ANALYZER_NUMBER_OBJECT_CONVERSION = YES_AGGRESSIVE;
				CLANG_CXX_LANGUAGE_STANDARD = "gnu++20";
				CLANG_ENABLE_MODULES = YES;
				CLANG_ENABLE_OBJC_ARC = YES;
				CLANG_ENABLE_OBJC_WEAK = YES;
				CLANG_WARN_BLOCK_CAPTURE_AUTORELEASING = YES;
				CLANG_WARN_BOOL_CONVERSION = YES;
				CLANG_WARN_COMMA = YES;
				CLANG_WARN_CONSTANT_CONVERSION = YES;
				CLANG_WARN_DEPRECATED_OBJC_IMPLEMENTATIONS = YES;
				CLANG_WARN_DIRECT_OBJC_ISA_USAGE = YES_ERROR;
				CLANG_WARN_DOCUMENTATION_COMMENTS = YES;
				CLANG_WARN_EMPTY_BODY = YES;
				CLANG_WARN_ENUM_CONVERSION = YES;
				CLANG_WARN_INFINITE_RECURSION = YES;
				CLANG_WARN_INT_CONVERSION = YES;
				CLANG_WARN_NON_LITERAL_NULL_CONVERSION = YES;
				CLANG_WARN_OBJC_IMPLICIT_RETAIN_SELF = YES;
				CLANG_WARN_OBJC_LITERAL_CONVERSION = YES;
				CLANG_WARN_OBJC_ROOT_CLASS = YES_ERROR;
				CLANG_WARN_QUOTED_INCLUDE_IN_FRAMEWORK_HEADER = YES;
				CLANG_WARN_RANGE_LOOP_ANALYSIS = YES;
				CLANG_WARN_STRICT_PROTOTYPES = YES;
				CLANG_WARN_SUSPICIOUS_MOVE = YES;
				CLANG_WARN_UNGUARDED_AVAILABILITY = YES_AGGRESSIVE;
				CLANG_WARN_UNREACHABLE_CODE = YES;
				CLANG_WARN__DUPLICATE_METHOD_MATCH = YES;
				COPY_PHASE_STRIP = NO;
				DEBUG_INFORMATION_FORMAT = dwarf;
				ENABLE_STRICT_OBJC_MSGSEND = YES;
				ENABLE_TESTABILITY = YES;
				GCC_C_LANGUAGE_STANDARD = gnu11;
				GCC_DYNAMIC_NO_PIC = NO;
				GCC_NO_COMMON_BLOCKS = YES;
				GCC_OPTIMIZATION_LEVEL = 0;
				GCC_PREPROCESSOR_DEFINITIONS = (
					"DEBUG=1",
					"$(inherited)",
				);
				GCC_WARN_64_TO_32_BIT_CONVERSION = YES;
				GCC_WARN_ABOUT_RETURN_TYPE = YES_ERROR;
				GCC_WARN_UNDECLARED_SELECTOR = YES;
				GCC_WARN_UNINITIALIZED_AUTOS = YES_AGGRESSIVE;
				GCC_WARN_UNUSED_FUNCTION = YES;
				GCC_WARN_UNUSED_VARIABLE = YES;
				IPHONEOS_DEPLOYMENT_TARGET = 16.4;
				MTL_ENABLE_DEBUG_INFO = INCLUDE_SOURCE;
				MTL_FAST_MATH = YES;
				ONLY_ACTIVE_ARCH = YES;
				SDKROOT = iphoneos;
				SWIFT_ACTIVE_COMPILATION_CONDITIONS = DEBUG;
				SWIFT_OPTIMIZATION_LEVEL = "-Onone";
			};
			name = Debug;
		};
		E1F04E162A6AD070001A567C /* Release */ = {
			isa = XCBuildConfiguration;
			buildSettings = {
				ALWAYS_SEARCH_USER_PATHS = NO;
				CLANG_ANALYZER_NONNULL = YES;
				CLANG_ANALYZER_NUMBER_OBJECT_CONVERSION = YES_AGGRESSIVE;
				CLANG_CXX_LANGUAGE_STANDARD = "gnu++20";
				CLANG_ENABLE_MODULES = YES;
				CLANG_ENABLE_OBJC_ARC = YES;
				CLANG_ENABLE_OBJC_WEAK = YES;
				CLANG_WARN_BLOCK_CAPTURE_AUTORELEASING = YES;
				CLANG_WARN_BOOL_CONVERSION = YES;
				CLANG_WARN_COMMA = YES;
				CLANG_WARN_CONSTANT_CONVERSION = YES;
				CLANG_WARN_DEPRECATED_OBJC_IMPLEMENTATIONS = YES;
				CLANG_WARN_DIRECT_OBJC_ISA_USAGE = YES_ERROR;
				CLANG_WARN_DOCUMENTATION_COMMENTS = YES;
				CLANG_WARN_EMPTY_BODY = YES;
				CLANG_WARN_ENUM_CONVERSION = YES;
				CLANG_WARN_INFINITE_RECURSION = YES;
				CLANG_WARN_INT_CONVERSION = YES;
				CLANG_WARN_NON_LITERAL_NULL_CONVERSION = YES;
				CLANG_WARN_OBJC_IMPLICIT_RETAIN_SELF = YES;
				CLANG_WARN_OBJC_LITERAL_CONVERSION = YES;
				CLANG_WARN_OBJC_ROOT_CLASS = YES_ERROR;
				CLANG_WARN_QUOTED_INCLUDE_IN_FRAMEWORK_HEADER = YES;
				CLANG_WARN_RANGE_LOOP_ANALYSIS = YES;
				CLANG_WARN_STRICT_PROTOTYPES = YES;
				CLANG_WARN_SUSPICIOUS_MOVE = YES;
				CLANG_WARN_UNGUARDED_AVAILABILITY = YES_AGGRESSIVE;
				CLANG_WARN_UNREACHABLE_CODE = YES;
				CLANG_WARN__DUPLICATE_METHOD_MATCH = YES;
				COPY_PHASE_STRIP = NO;
				DEBUG_INFORMATION_FORMAT = "dwarf-with-dsym";
				ENABLE_NS_ASSERTIONS = NO;
				ENABLE_STRICT_OBJC_MSGSEND = YES;
				GCC_C_LANGUAGE_STANDARD = gnu11;
				GCC_NO_COMMON_BLOCKS = YES;
				GCC_WARN_64_TO_32_BIT_CONVERSION = YES;
				GCC_WARN_ABOUT_RETURN_TYPE = YES_ERROR;
				GCC_WARN_UNDECLARED_SELECTOR = YES;
				GCC_WARN_UNINITIALIZED_AUTOS = YES_AGGRESSIVE;
				GCC_WARN_UNUSED_FUNCTION = YES;
				GCC_WARN_UNUSED_VARIABLE = YES;
				IPHONEOS_DEPLOYMENT_TARGET = 16.4;
				MTL_ENABLE_DEBUG_INFO = NO;
				MTL_FAST_MATH = YES;
				SDKROOT = iphoneos;
				SWIFT_COMPILATION_MODE = wholemodule;
				SWIFT_OPTIMIZATION_LEVEL = "-O";
				VALIDATE_PRODUCT = YES;
			};
			name = Release;
		};
		E1F04E182A6AD070001A567C /* Debug */ = {
			isa = XCBuildConfiguration;
			buildSettings = {
				ASSETCATALOG_COMPILER_APPICON_NAME = AppIcon;
				ASSETCATALOG_COMPILER_GLOBAL_ACCENT_COLOR_NAME = AccentColor;
				CODE_SIGN_STYLE = Automatic;
				CURRENT_PROJECT_VERSION = 1;
				DEVELOPMENT_ASSET_PATHS = "\"MySuperApp/Preview Content\"";
				DEVELOPMENT_TEAM = FW3NJPMXS9;
				ENABLE_PREVIEWS = YES;
				GENERATE_INFOPLIST_FILE = YES;
				INFOPLIST_KEY_UIApplicationSceneManifest_Generation = YES;
				INFOPLIST_KEY_UIApplicationSupportsIndirectInputEvents = YES;
				INFOPLIST_KEY_UILaunchScreen_Generation = YES;
				INFOPLIST_KEY_UISupportedInterfaceOrientations_iPad = "UIInterfaceOrientationPortrait UIInterfaceOrientationPortraitUpsideDown UIInterfaceOrientationLandscapeLeft UIInterfaceOrientationLandscapeRight";
				INFOPLIST_KEY_UISupportedInterfaceOrientations_iPhone = "UIInterfaceOrientationPortrait UIInterfaceOrientationLandscapeLeft UIInterfaceOrientationLandscapeRight";
				LD_RUNPATH_SEARCH_PATHS = (
					"$(inherited)",
					"@executable_path/Frameworks",
				);
				MARKETING_VERSION = 1.0;
				PRODUCT_BUNDLE_IDENTIFIER = com.malikghani.MySuperApp;
				PRODUCT_NAME = "$(TARGET_NAME)";
				SWIFT_EMIT_LOC_STRINGS = YES;
				SWIFT_VERSION = 5.0;
				TARGETED_DEVICE_FAMILY = "1,2";
			};
			name = Debug;
		};
		E1F04E192A6AD070001A567C /* Release */ = {
			isa = XCBuildConfiguration;
			buildSettings = {
				ASSETCATALOG_COMPILER_APPICON_NAME = AppIcon;
				ASSETCATALOG_COMPILER_GLOBAL_ACCENT_COLOR_NAME = AccentColor;
				CODE_SIGN_STYLE = Automatic;
				CURRENT_PROJECT_VERSION = 1;
				DEVELOPMENT_ASSET_PATHS = "\"MySuperApp/Preview Content\"";
				DEVELOPMENT_TEAM = FW3NJPMXS9;
				ENABLE_PREVIEWS = YES;
				GENERATE_INFOPLIST_FILE = YES;
				INFOPLIST_KEY_UIApplicationSceneManifest_Generation = YES;
				INFOPLIST_KEY_UIApplicationSupportsIndirectInputEvents = YES;
				INFOPLIST_KEY_UILaunchScreen_Generation = YES;
				INFOPLIST_KEY_UISupportedInterfaceOrientations_iPad = "UIInterfaceOrientationPortrait UIInterfaceOrientationPortraitUpsideDown UIInterfaceOrientationLandscapeLeft UIInterfaceOrientationLandscapeRight";
				INFOPLIST_KEY_UISupportedInterfaceOrientations_iPhone = "UIInterfaceOrientationPortrait UIInterfaceOrientationLandscapeLeft UIInterfaceOrientationLandscapeRight";
				LD_RUNPATH_SEARCH_PATHS = (
					"$(inherited)",
					"@executable_path/Frameworks",
				);
				MARKETING_VERSION = 1.0;
				PRODUCT_BUNDLE_IDENTIFIER = com.malikghani.MySuperApp;
				PRODUCT_NAME = "$(TARGET_NAME)";
				SWIFT_EMIT_LOC_STRINGS = YES;
				SWIFT_VERSION = 5.0;
				TARGETED_DEVICE_FAMILY = "1,2";
			};
			name = Release;
		};
		E1F04E1B2A6AD070001A567C /* Debug */ = {
			isa = XCBuildConfiguration;
			buildSettings = {
				ALWAYS_EMBED_SWIFT_STANDARD_LIBRARIES = YES;
				BUNDLE_LOADER = "$(TEST_HOST)";
				CODE_SIGN_STYLE = Automatic;
				CURRENT_PROJECT_VERSION = 1;
				DEVELOPMENT_TEAM = FW3NJPMXS9;
				GENERATE_INFOPLIST_FILE = YES;
				IPHONEOS_DEPLOYMENT_TARGET = 16.4;
				MARKETING_VERSION = 1.0;
				PRODUCT_BUNDLE_IDENTIFIER = com.malikghani.MySuperAppTests;
				PRODUCT_NAME = "$(TARGET_NAME)";
				SWIFT_EMIT_LOC_STRINGS = NO;
				SWIFT_VERSION = 5.0;
				TARGETED_DEVICE_FAMILY = "1,2";
				TEST_HOST = "$(BUILT_PRODUCTS_DIR)/MySuperApp.app/$(BUNDLE_EXECUTABLE_FOLDER_PATH)/MySuperApp";
			};
			name = Debug;
		};
		E1F04E1C2A6AD070001A567C /* Release */ = {
			isa = XCBuildConfiguration;
			buildSettings = {
				ALWAYS_EMBED_SWIFT_STANDARD_LIBRARIES = YES;
				BUNDLE_LOADER = "$(TEST_HOST)";
				CODE_SIGN_STYLE = Automatic;
				CURRENT_PROJECT_VERSION = 1;
				DEVELOPMENT_TEAM = FW3NJPMXS9;
				GENERATE_INFOPLIST_FILE = YES;
				IPHONEOS_DEPLOYMENT_TARGET = 16.4;
				MARKETING_VERSION = 1.0;
				PRODUCT_BUNDLE_IDENTIFIER = com.malikghani.MySuperAppTests;
				PRODUCT_NAME = "$(TARGET_NAME)";
				SWIFT_EMIT_LOC_STRINGS = NO;
				SWIFT_VERSION = 5.0;
				TARGETED_DEVICE_FAMILY = "1,2";
				TEST_HOST = "$(BUILT_PRODUCTS_DIR)/MySuperApp.app/$(BUNDLE_EXECUTABLE_FOLDER_PATH)/MySuperApp";
			};
			name = Release;
		};
		E1F04E1E2A6AD070001A567C /* Debug */ = {
			isa = XCBuildConfiguration;
			buildSettings = {
				ALWAYS_EMBED_SWIFT_STANDARD_LIBRARIES = YES;
				CODE_SIGN_STYLE = Automatic;
				CURRENT_PROJECT_VERSION = 1;
				DEVELOPMENT_TEAM = FW3NJPMXS9;
				GENERATE_INFOPLIST_FILE = YES;
				MARKETING_VERSION = 1.0;
				PRODUCT_BUNDLE_IDENTIFIER = com.malikghani.MySuperAppUITests;
				PRODUCT_NAME = "$(TARGET_NAME)";
				SWIFT_EMIT_LOC_STRINGS = NO;
				SWIFT_VERSION = 5.0;
				TARGETED_DEVICE_FAMILY = "1,2";
				TEST_TARGET_NAME = MySuperApp;
			};
			name = Debug;
		};
		E1F04E1F2A6AD070001A567C /* Release */ = {
			isa = XCBuildConfiguration;
			buildSettings = {
				ALWAYS_EMBED_SWIFT_STANDARD_LIBRARIES = YES;
				CODE_SIGN_STYLE = Automatic;
				CURRENT_PROJECT_VERSION = 1;
				DEVELOPMENT_TEAM = FW3NJPMXS9;
				GENERATE_INFOPLIST_FILE = YES;
				MARKETING_VERSION = 1.0;
				PRODUCT_BUNDLE_IDENTIFIER = com.malikghani.MySuperAppUITests;
				PRODUCT_NAME = "$(TARGET_NAME)";
				SWIFT_EMIT_LOC_STRINGS = NO;
				SWIFT_VERSION = 5.0;
				TARGETED_DEVICE_FAMILY = "1,2";
				TEST_TARGET_NAME = MySuperApp;
			};
			name = Release;
		};
/* End XCBuildConfiguration section */

/* Begin XCConfigurationList section */
		E1F04DEE2A6AD06E001A567C /* Build configuration list for PBXProject "MySuperApp" */ = {
			isa = XCConfigurationList;
			buildConfigurations = (
				E1F04E152A6AD070001A567C /* Debug */,
				E1F04E162A6AD070001A567C /* Release */,
			);
			defaultConfigurationIsVisible = 0;
			defaultConfigurationName = Release;
		};
		E1F04E172A6AD070001A567C /* Build configuration list for PBXNativeTarget "MySuperApp" */ = {
			isa = XCConfigurationList;
			buildConfigurations = (
				E1F04E182A6AD070001A567C /* Debug */,
				E1F04E192A6AD070001A567C /* Release */,
			);
			defaultConfigurationIsVisible = 0;
			defaultConfigurationName = Release;
		};
		E1F04E1A2A6AD070001A567C /* Build configuration list for PBXNativeTarget "MySuperAppTests" */ = {
			isa = XCConfigurationList;
			buildConfigurations = (
				E1F04E1B2A6AD070001A567C /* Debug */,
				E1F04E1C2A6AD070001A567C /* Release */,
			);
			defaultConfigurationIsVisible = 0;
			defaultConfigurationName = Release;
		};
		E1F04E1D2A6AD070001A567C /* Build configuration list for PBXNativeTarget "MySuperAppUITests" */ = {
			isa = XCConfigurationList;
			buildConfigurations = (
				E1F04E1E2A6AD070001A567C /* Debug */,
				E1F04E1F2A6AD070001A567C /* Release */,
			);
			defaultConfigurationIsVisible = 0;
			defaultConfigurationName = Release;
		};
/* End XCConfigurationList section */
	};
	rootObject = E1F04DEB2A6AD06E001A567C /* Project object */;
}
